// !$*UTF8*$!
{
	archiveVersion = 1;
	classes = {
	};
	objectVersion = 56;
	objects = {

/* Begin PBXBuildFile section */
		0AF8C6C528F46BC1008EBD91 /* AppDelegate.swift in Sources */ = {isa = PBXBuildFile; fileRef = 0AF8C6C428F46BC1008EBD91 /* AppDelegate.swift */; };
		0AF8C6C728F46BC1008EBD91 /* SceneDelegate.swift in Sources */ = {isa = PBXBuildFile; fileRef = 0AF8C6C628F46BC1008EBD91 /* SceneDelegate.swift */; };
		0AF8C6C928F46BC1008EBD91 /* ViewController.swift in Sources */ = {isa = PBXBuildFile; fileRef = 0AF8C6C828F46BC1008EBD91 /* ViewController.swift */; };
		0AF8C6CC28F46BC1008EBD91 /* Main.storyboard in Resources */ = {isa = PBXBuildFile; fileRef = 0AF8C6CA28F46BC1008EBD91 /* Main.storyboard */; };
		0AF8C6CF28F46BC1008EBD91 /* RU.xcdatamodeld in Sources */ = {isa = PBXBuildFile; fileRef = 0AF8C6CD28F46BC1008EBD91 /* RU.xcdatamodeld */; };
		0AF8C6D128F46BC2008EBD91 /* Assets.xcassets in Resources */ = {isa = PBXBuildFile; fileRef = 0AF8C6D028F46BC2008EBD91 /* Assets.xcassets */; };
		0AF8C6D428F46BC2008EBD91 /* LaunchScreen.storyboard in Resources */ = {isa = PBXBuildFile; fileRef = 0AF8C6D228F46BC2008EBD91 /* LaunchScreen.storyboard */; };
/* End PBXBuildFile section */

/* Begin PBXFileReference section */
		0AF8C6C128F46BC1008EBD91 /* RU.app */ = {isa = PBXFileReference; explicitFileType = wrapper.application; includeInIndex = 0; path = RU.app; sourceTree = BUILT_PRODUCTS_DIR; };
		0AF8C6C428F46BC1008EBD91 /* AppDelegate.swift */ = {isa = PBXFileReference; lastKnownFileType = sourcecode.swift; path = AppDelegate.swift; sourceTree = "<group>"; };
		0AF8C6C628F46BC1008EBD91 /* SceneDelegate.swift */ = {isa = PBXFileReference; lastKnownFileType = sourcecode.swift; path = SceneDelegate.swift; sourceTree = "<group>"; };
		0AF8C6C828F46BC1008EBD91 /* ViewController.swift */ = {isa = PBXFileReference; lastKnownFileType = sourcecode.swift; path = ViewController.swift; sourceTree = "<group>"; };
		0AF8C6CB28F46BC1008EBD91 /* Base */ = {isa = PBXFileReference; lastKnownFileType = file.storyboard; name = Base; path = Base.lproj/Main.storyboard; sourceTree = "<group>"; };
		0AF8C6CE28F46BC1008EBD91 /* RU.xcdatamodel */ = {isa = PBXFileReference; lastKnownFileType = wrapper.xcdatamodel; path = RU.xcdatamodel; sourceTree = "<group>"; };
		0AF8C6D028F46BC2008EBD91 /* Assets.xcassets */ = {isa = PBXFileReference; lastKnownFileType = folder.assetcatalog; path = Assets.xcassets; sourceTree = "<group>"; };
		0AF8C6D328F46BC2008EBD91 /* Base */ = {isa = PBXFileReference; lastKnownFileType = file.storyboard; name = Base; path = Base.lproj/LaunchScreen.storyboard; sourceTree = "<group>"; };
		0AF8C6D528F46BC2008EBD91 /* Info.plist */ = {isa = PBXFileReference; lastKnownFileType = text.plist.xml; path = Info.plist; sourceTree = "<group>"; };
/* End PBXFileReference section */

/* Begin PBXFrameworksBuildPhase section */
		0AF8C6BE28F46BC1008EBD91 /* Frameworks */ = {
			isa = PBXFrameworksBuildPhase;
			buildActionMask = 2147483647;
			files = (
			);
			runOnlyForDeploymentPostprocessing = 0;
		};
/* End PBXFrameworksBuildPhase section */

/* Begin PBXGroup section */
		0AF8C6B828F46BC1008EBD91 = {
			isa = PBXGroup;
			children = (
				0AF8C6C328F46BC1008EBD91 /* RU */,
				0AF8C6C228F46BC1008EBD91 /* Products */,
			);
			sourceTree = "<group>";
		};
		0AF8C6C228F46BC1008EBD91 /* Products */ = {
			isa = PBXGroup;
			children = (
				0AF8C6C128F46BC1008EBD91 /* RU.app */,
			);
			name = Products;
			sourceTree = "<group>";
		};
		0AF8C6C328F46BC1008EBD91 /* RU */ = {
			isa = PBXGroup;
			children = (
				0AF8C6C828F46BC1008EBD91 /* ViewController.swift */,
				0AF8C6C428F46BC1008EBD91 /* AppDelegate.swift */,
				0AF8C6C628F46BC1008EBD91 /* SceneDelegate.swift */,
				0AF8C6CA28F46BC1008EBD91 /* Main.storyboard */,
				0AF8C6D028F46BC2008EBD91 /* Assets.xcassets */,
				0AF8C6D228F46BC2008EBD91 /* LaunchScreen.storyboard */,
				0AF8C6D528F46BC2008EBD91 /* Info.plist */,
				0AF8C6CD28F46BC1008EBD91 /* RU.xcdatamodeld */,
			);
			path = RU;
			sourceTree = "<group>";
		};
/* End PBXGroup section */

/* Begin PBXNativeTarget section */
		0AF8C6C028F46BC1008EBD91 /* RU */ = {
			isa = PBXNativeTarget;
			buildConfigurationList = 0AF8C6D828F46BC2008EBD91 /* Build configuration list for PBXNativeTarget "RU" */;
			buildPhases = (
				0AF8C6BD28F46BC1008EBD91 /* Sources */,
				0AF8C6BE28F46BC1008EBD91 /* Frameworks */,
				0AF8C6BF28F46BC1008EBD91 /* Resources */,
			);
			buildRules = (
			);
			dependencies = (
			);
			name = RU;
			productName = RU;
			productReference = 0AF8C6C128F46BC1008EBD91 /* RU.app */;
			productType = "com.apple.product-type.application";
		};
/* End PBXNativeTarget section */

/* Begin PBXProject section */
		0AF8C6B928F46BC1008EBD91 /* Project object */ = {
			isa = PBXProject;
			attributes = {
				BuildIndependentTargetsInParallel = 1;
				LastSwiftUpdateCheck = 1400;
				LastUpgradeCheck = 1400;
				TargetAttributes = {
					0AF8C6C028F46BC1008EBD91 = {
						CreatedOnToolsVersion = 14.0.1;
					};
				};
			};
			buildConfigurationList = 0AF8C6BC28F46BC1008EBD91 /* Build configuration list for PBXProject "RU" */;
			compatibilityVersion = "Xcode 14.0";
			developmentRegion = en;
			hasScannedForEncodings = 0;
			knownRegions = (
				en,
				Base,
			);
			mainGroup = 0AF8C6B828F46BC1008EBD91;
			productRefGroup = 0AF8C6C228F46BC1008EBD91 /* Products */;
			projectDirPath = "";
			projectRoot = "";
			targets = (
				0AF8C6C028F46BC1008EBD91 /* RU */,
			);
		};
/* End PBXProject section */

/* Begin PBXResourcesBuildPhase section */
		0AF8C6BF28F46BC1008EBD91 /* Resources */ = {
			isa = PBXResourcesBuildPhase;
			buildActionMask = 2147483647;
			files = (
				0AF8C6D428F46BC2008EBD91 /* LaunchScreen.storyboard in Resources */,
				0AF8C6D128F46BC2008EBD91 /* Assets.xcassets in Resources */,
				0AF8C6CC28F46BC1008EBD91 /* Main.storyboard in Resources */,
			);
			runOnlyForDeploymentPostprocessing = 0;
		};
/* End PBXResourcesBuildPhase section */

/* Begin PBXSourcesBuildPhase section */
		0AF8C6BD28F46BC1008EBD91 /* Sources */ = {
			isa = PBXSourcesBuildPhase;
			buildActionMask = 2147483647;
			files = (
				0AF8C6C928F46BC1008EBD91 /* ViewController.swift in Sources */,
				0AF8C6C528F46BC1008EBD91 /* AppDelegate.swift in Sources */,
				0AF8C6CF28F46BC1008EBD91 /* RU.xcdatamodeld in Sources */,
				0AF8C6C728F46BC1008EBD91 /* SceneDelegate.swift in Sources */,
			);
			runOnlyForDeploymentPostprocessing = 0;
		};
/* End PBXSourcesBuildPhase section */

/* Begin PBXVariantGroup section */
		0AF8C6CA28F46BC1008EBD91 /* Main.storyboard */ = {
			isa = PBXVariantGroup;
			children = (
				0AF8C6CB28F46BC1008EBD91 /* Base */,
			);
			name = Main.storyboard;
			sourceTree = "<group>";
		};
		0AF8C6D228F46BC2008EBD91 /* LaunchScreen.storyboard */ = {
			isa = PBXVariantGroup;
			children = (
				0AF8C6D328F46BC2008EBD91 /* Base */,
			);
			name = LaunchScreen.storyboard;
			sourceTree = "<group>";
		};
/* End PBXVariantGroup section */

/* Begin XCBuildConfiguration section */
		0AF8C6D628F46BC2008EBD91 /* Debug */ = {
			isa = XCBuildConfiguration;
			buildSettings = {
				ALWAYS_SEARCH_USER_PATHS = NO;
				CLANG_ANALYZER_NONNULL = YES;
				CLANG_ANALYZER_NUMBER_OBJECT_CONVERSION = YES_AGGRESSIVE;
				CLANG_CXX_LANGUAGE_STANDARD = "gnu++20";
				CLANG_ENABLE_MODULES = YES;
				CLANG_ENABLE_OBJC_ARC = YES;
				CLANG_ENABLE_OBJC_WEAK = YES;
				CLANG_WARN_BLOCK_CAPTURE_AUTORELEASING = YES;
				CLANG_WARN_BOOL_CONVERSION = YES;
				CLANG_WARN_COMMA = YES;
				CLANG_WARN_CONSTANT_CONVERSION = YES;
				CLANG_WARN_DEPRECATED_OBJC_IMPLEMENTATIONS = YES;
				CLANG_WARN_DIRECT_OBJC_ISA_USAGE = YES_ERROR;
				CLANG_WARN_DOCUMENTATION_COMMENTS = YES;
				CLANG_WARN_EMPTY_BODY = YES;
				CLANG_WARN_ENUM_CONVERSION = YES;
				CLANG_WARN_INFINITE_RECURSION = YES;
				CLANG_WARN_INT_CONVERSION = YES;
				CLANG_WARN_NON_LITERAL_NULL_CONVERSION = YES;
				CLANG_WARN_OBJC_IMPLICIT_RETAIN_SELF = YES;
				CLANG_WARN_OBJC_LITERAL_CONVERSION = YES;
				CLANG_WARN_OBJC_ROOT_CLASS = YES_ERROR;
				CLANG_WARN_QUOTED_INCLUDE_IN_FRAMEWORK_HEADER = YES;
				CLANG_WARN_RANGE_LOOP_ANALYSIS = YES;
				CLANG_WARN_STRICT_PROTOTYPES = YES;
				CLANG_WARN_SUSPICIOUS_MOVE = YES;
				CLANG_WARN_UNGUARDED_AVAILABILITY = YES_AGGRESSIVE;
				CLANG_WARN_UNREACHABLE_CODE = YES;
				CLANG_WARN__DUPLICATE_METHOD_MATCH = YES;
				COPY_PHASE_STRIP = NO;
				DEBUG_INFORMATION_FORMAT = dwarf;
				ENABLE_STRICT_OBJC_MSGSEND = YES;
				ENABLE_TESTABILITY = YES;
				GCC_C_LANGUAGE_STANDARD = gnu11;
				GCC_DYNAMIC_NO_PIC = NO;
				GCC_NO_COMMON_BLOCKS = YES;
				GCC_OPTIMIZATION_LEVEL = 0;
				GCC_PREPROCESSOR_DEFINITIONS = (
					"DEBUG=1",
					"$(inherited)",
				);
				GCC_WARN_64_TO_32_BIT_CONVERSION = YES;
				GCC_WARN_ABOUT_RETURN_TYPE = YES_ERROR;
				GCC_WARN_UNDECLARED_SELECTOR = YES;
				GCC_WARN_UNINITIALIZED_AUTOS = YES_AGGRESSIVE;
				GCC_WARN_UNUSED_FUNCTION = YES;
				GCC_WARN_UNUSED_VARIABLE = YES;
				IPHONEOS_DEPLOYMENT_TARGET = 16.0;
				MTL_ENABLE_DEBUG_INFO = INCLUDE_SOURCE;
				MTL_FAST_MATH = YES;
				ONLY_ACTIVE_ARCH = YES;
				SDKROOT = iphoneos;
				SWIFT_ACTIVE_COMPILATION_CONDITIONS = DEBUG;
				SWIFT_OPTIMIZATION_LEVEL = "-Onone";
			};
			name = Debug;
		};
		0AF8C6D728F46BC2008EBD91 /* Release */ = {
			isa = XCBuildConfiguration;
			buildSettings = {
				ALWAYS_SEARCH_USER_PATHS = NO;
				CLANG_ANALYZER_NONNULL = YES;
				CLANG_ANALYZER_NUMBER_OBJECT_CONVERSION = YES_AGGRESSIVE;
				CLANG_CXX_LANGUAGE_STANDARD = "gnu++20";
				CLANG_ENABLE_MODULES = YES;
				CLANG_ENABLE_OBJC_ARC = YES;
				CLANG_ENABLE_OBJC_WEAK = YES;
				CLANG_WARN_BLOCK_CAPTURE_AUTORELEASING = YES;
				CLANG_WARN_BOOL_CONVERSION = YES;
				CLANG_WARN_COMMA = YES;
				CLANG_WARN_CONSTANT_CONVERSION = YES;
				CLANG_WARN_DEPRECATED_OBJC_IMPLEMENTATIONS = YES;
				CLANG_WARN_DIRECT_OBJC_ISA_USAGE = YES_ERROR;
				CLANG_WARN_DOCUMENTATION_COMMENTS = YES;
				CLANG_WARN_EMPTY_BODY = YES;
				CLANG_WARN_ENUM_CONVERSION = YES;
				CLANG_WARN_INFINITE_RECURSION = YES;
				CLANG_WARN_INT_CONVERSION = YES;
				CLANG_WARN_NON_LITERAL_NULL_CONVERSION = YES;
				CLANG_WARN_OBJC_IMPLICIT_RETAIN_SELF = YES;
				CLANG_WARN_OBJC_LITERAL_CONVERSION = YES;
				CLANG_WARN_OBJC_ROOT_CLASS = YES_ERROR;
				CLANG_WARN_QUOTED_INCLUDE_IN_FRAMEWORK_HEADER = YES;
				CLANG_WARN_RANGE_LOOP_ANALYSIS = YES;
				CLANG_WARN_STRICT_PROTOTYPES = YES;
				CLANG_WARN_SUSPICIOUS_MOVE = YES;
				CLANG_WARN_UNGUARDED_AVAILABILITY = YES_AGGRESSIVE;
				CLANG_WARN_UNREACHABLE_CODE = YES;
				CLANG_WARN__DUPLICATE_METHOD_MATCH = YES;
				COPY_PHASE_STRIP = NO;
				DEBUG_INFORMATION_FORMAT = "dwarf-with-dsym";
				ENABLE_NS_ASSERTIONS = NO;
				ENABLE_STRICT_OBJC_MSGSEND = YES;
				GCC_C_LANGUAGE_STANDARD = gnu11;
				GCC_NO_COMMON_BLOCKS = YES;
				GCC_WARN_64_TO_32_BIT_CONVERSION = YES;
				GCC_WARN_ABOUT_RETURN_TYPE = YES_ERROR;
				GCC_WARN_UNDECLARED_SELECTOR = YES;
				GCC_WARN_UNINITIALIZED_AUTOS = YES_AGGRESSIVE;
				GCC_WARN_UNUSED_FUNCTION = YES;
				GCC_WARN_UNUSED_VARIABLE = YES;
				IPHONEOS_DEPLOYMENT_TARGET = 16.0;
				MTL_ENABLE_DEBUG_INFO = NO;
				MTL_FAST_MATH = YES;
				SDKROOT = iphoneos;
				SWIFT_COMPILATION_MODE = wholemodule;
				SWIFT_OPTIMIZATION_LEVEL = "-O";
				VALIDATE_PRODUCT = YES;
			};
			name = Release;
		};
		0AF8C6D928F46BC2008EBD91 /* Debug */ = {
			isa = XCBuildConfiguration;
			buildSettings = {
				ASSETCATALOG_COMPILER_APPICON_NAME = AppIcon;
				ASSETCATALOG_COMPILER_GLOBAL_ACCENT_COLOR_NAME = AccentColor;
				CODE_SIGN_STYLE = Automatic;
				CURRENT_PROJECT_VERSION = 1;
				DEVELOPMENT_TEAM = A9DQP4DQ7K;
				GENERATE_INFOPLIST_FILE = YES;
				INFOPLIST_FILE = RU/Info.plist;
				INFOPLIST_KEY_UIApplicationSupportsIndirectInputEvents = YES;
				INFOPLIST_KEY_UILaunchStoryboardName = LaunchScreen;
				INFOPLIST_KEY_UIMainStoryboardFile = Main;
				INFOPLIST_KEY_UISupportedInterfaceOrientations = UIInterfaceOrientationPortrait;
				LD_RUNPATH_SEARCH_PATHS = (
					"$(inherited)",
					"@executable_path/Frameworks",
				);
				MARKETING_VERSION = 1.0;
				PRODUCT_BUNDLE_IDENTIFIER = com.ehtisham.RU;
				PRODUCT_NAME = "$(TARGET_NAME)";
				SWIFT_EMIT_LOC_STRINGS = YES;
				SWIFT_VERSION = 5.0;
				TARGETED_DEVICE_FAMILY = "1,2";
			};
			name = Debug;
		};
		0AF8C6DA28F46BC2008EBD91 /* Release */ = {
			isa = XCBuildConfiguration;
			buildSettings = {
				ASSETCATALOG_COMPILER_APPICON_NAME = AppIcon;
				ASSETCATALOG_COMPILER_GLOBAL_ACCENT_COLOR_NAME = AccentColor;
				CODE_SIGN_STYLE = Automatic;
				CURRENT_PROJECT_VERSION = 1;
				DEVELOPMENT_TEAM = A9DQP4DQ7K;
				GENERATE_INFOPLIST_FILE = YES;
				INFOPLIST_FILE = RU/Info.plist;
				INFOPLIST_KEY_UIApplicationSupportsIndirectInputEvents = YES;
				INFOPLIST_KEY_UILaunchStoryboardName = LaunchScreen;
				INFOPLIST_KEY_UIMainStoryboardFile = Main;
				INFOPLIST_KEY_UISupportedInterfaceOrientations = UIInterfaceOrientationPortrait;
				LD_RUNPATH_SEARCH_PATHS = (
					"$(inherited)",
					"@executable_path/Frameworks",
				);
				MARKETING_VERSION = 1.0;
				PRODUCT_BUNDLE_IDENTIFIER = com.ehtisham.RU;
				PRODUCT_NAME = "$(TARGET_NAME)";
				SWIFT_EMIT_LOC_STRINGS = YES;
				SWIFT_VERSION = 5.0;
				TARGETED_DEVICE_FAMILY = "1,2";
			};
			name = Release;
		};
/* End XCBuildConfiguration section */

/* Begin XCConfigurationList section */
		0AF8C6BC28F46BC1008EBD91 /* Build configuration list for PBXProject "RU" */ = {
			isa = XCConfigurationList;
			buildConfigurations = (
				0AF8C6D628F46BC2008EBD91 /* Debug */,
				0AF8C6D728F46BC2008EBD91 /* Release */,
			);
			defaultConfigurationIsVisible = 0;
			defaultConfigurationName = Release;
		};
		0AF8C6D828F46BC2008EBD91 /* Build configuration list for PBXNativeTarget "RU" */ = {
			isa = XCConfigurationList;
			buildConfigurations = (
				0AF8C6D928F46BC2008EBD91 /* Debug */,
				0AF8C6DA28F46BC2008EBD91 /* Release */,
			);
			defaultConfigurationIsVisible = 0;
			defaultConfigurationName = Release;
		};
/* End XCConfigurationList section */

/* Begin XCVersionGroup section */
		0AF8C6CD28F46BC1008EBD91 /* RU.xcdatamodeld */ = {
			isa = XCVersionGroup;
			children = (
				0AF8C6CE28F46BC1008EBD91 /* RU.xcdatamodel */,
			);
			currentVersion = 0AF8C6CE28F46BC1008EBD91 /* RU.xcdatamodel */;
			path = RU.xcdatamodeld;
			sourceTree = "<group>";
			versionGroupType = wrapper.xcdatamodel;
		};
/* End XCVersionGroup section */
	};
	rootObject = 0AF8C6B928F46BC1008EBD91 /* Project object */;
}
